{
  "originHash" : "d6bf65d764f58341249a67b92ca62219deb0e5ad937a6f68523d9da8d30a2c69",
  "pins" : [
    {
      "identity" : "ios-sdk",
      "kind" : "remoteSourceControl",
      "location" : "https://github.com/chaport-com/ios-sdk",
      "state" : {
        "revision" : "297892e1fff86828ec2afe592eec169426eda913",
        "version" : "1.0.24"
      }
    }
  ],
  "version" : 3
}
